# THIS IS AN AUTOGENERATED FILE. DO NOT EDIT THIS FILE DIRECTLY.
# yarn lockfile v1


"@babel/polyfill@^7.0.0":
  version "7.0.0"
  resolved "https://registry.yarnpkg.com/@babel/polyfill/-/polyfill-7.0.0.tgz#c8ff65c9ec3be6a1ba10113ebd40e8750fb90bff"
  integrity sha512-dnrMRkyyr74CRelJwvgnnSUDh2ge2NCTyHVwpOdvRMHtJUyxLtMAfhBN3s64pY41zdw0kgiLPh6S20eb1NcX6Q==
  dependencies:
    core-js "^2.5.7"
    regenerator-runtime "^0.11.1"

"@jimp/bmp@^0.5.4":
  version "0.5.4"
  resolved "https://registry.yarnpkg.com/@jimp/bmp/-/bmp-0.5.4.tgz#b7b375aa774f26154912569864d5466e71333ef1"
  integrity sha512-P/ezH1FuoM3FwS0Dm2ZGkph4x5/rPBzFLEZor7KQkmGUnYEIEG4o0BUcAWFmJOp2HgzbT6O2SfrpJNBOcVACzQ==
  dependencies:
    "@jimp/utils" "^0.5.0"
    bmp-js "^0.1.0"
    core-js "^2.5.7"

"@jimp/core@^0.5.4":
  version "0.5.4"
  resolved "https://registry.yarnpkg.com/@jimp/core/-/core-0.5.4.tgz#69d2d9eef1a6a9d62127171e2688cf21bc0ee77c"
  integrity sha512-n3uvHy2ndUKItmbhnRO8xmU8J6KR+v6CQxO9sbeUDpSc3VXc1PkqrA8ZsCVFCjnDFcGBXL+MJeCTyQzq5W9Crw==
  dependencies:
    "@jimp/utils" "^0.5.0"
    any-base "^1.1.0"
    buffer "^5.2.0"
    core-js "^2.5.7"
    exif-parser "^0.1.12"
    file-type "^9.0.0"
    load-bmfont "^1.3.1"
    mkdirp "0.5.1"
    phin "^2.9.1"
    pixelmatch "^4.0.2"
    tinycolor2 "^1.4.1"

"@jimp/custom@^0.5.4":
  version "0.5.4"
  resolved "https://registry.yarnpkg.com/@jimp/custom/-/custom-0.5.4.tgz#393338efbf15d158ecf6639cb1b196c70411fddd"
  integrity sha512-tLfyJoyouDl2J3RPFGfDzTtE+4S8ljqJUmLzy/cmx1n7+xS5TpLPdPskp7UaeAfNTqdF4CNAm94KYoxTZdj2mg==
  dependencies:
    "@jimp/core" "^0.5.4"
    core-js "^2.5.7"

"@jimp/gif@^0.5.0":
  version "0.5.0"
  resolved "https://registry.yarnpkg.com/@jimp/gif/-/gif-0.5.0.tgz#7543870b3d744c9758da76ca43fac4ee48fd6a00"
  integrity sha512-HVB4c7b8r/yCpjhCjVNPRFLuujTav5UPmcQcFJjU6aIxmne6e29rAjRJEv3UMamHDGSu/96PzOsPZBO5U+ZGww==
  dependencies:
    "@jimp/utils" "^0.5.0"
    core-js "^2.5.7"
    omggif "^1.0.9"

"@jimp/jpeg@^0.5.4":
  version "0.5.4"
  resolved "https://registry.yarnpkg.com/@jimp/jpeg/-/jpeg-0.5.4.tgz#ff52669f801e9d82041ba6322ee781c344e75241"
  integrity sha512-YaPWm+YSGCThNE/jLMckM3Qs6uaMxd/VsHOnEaqu5tGA4GFbfVaWHjKqkNGAFuiNV+HdgKlNcCOF3of+elvzqQ==
  dependencies:
    "@jimp/utils" "^0.5.0"
    core-js "^2.5.7"
    jpeg-js "^0.3.4"

"@jimp/plugin-blit@^0.5.4":
  version "0.5.4"
  resolved "https://registry.yarnpkg.com/@jimp/plugin-blit/-/plugin-blit-0.5.4.tgz#8c4f46e00c0a4ca9d5c592713de7575528485e59"
  integrity sha512-WqDYOugv76hF1wnKy7+xPGf9PUbcm9vPW28/jHWn1hjbb2GnusJ2fVEFad76J/1SPfhrQ2Uebf2QCWJuLmOqZg==
  dependencies:
    "@jimp/utils" "^0.5.0"
    core-js "^2.5.7"

"@jimp/plugin-blur@^0.5.0":
  version "0.5.0"
  resolved "https://registry.yarnpkg.com/@jimp/plugin-blur/-/plugin-blur-0.5.0.tgz#c8222bdae8eb4cc86613c0adbcb26a92829739a2"
  integrity sha512-5k0PXCA1RTJdITL7yMAyZ5tGQjKLHqFvwdXj/PCoBo5PuMyr0x6qfxmQEySixGk/ZHdDxMi80vYxHdKHjNNgjg==
  dependencies:
    "@jimp/utils" "^0.5.0"
    core-js "^2.5.7"

"@jimp/plugin-color@^0.5.5":
  version "0.5.5"
  resolved "https://registry.yarnpkg.com/@jimp/plugin-color/-/plugin-color-0.5.5.tgz#68f9652d5065d3380a9967911a7e529325d230d6"
  integrity sha512-hWeOqNCmLguGYLhSvBrpfCvlijsMEVaLZAOod62s1rzWnujozyKOzm2eZe+W3To6mHbp5RGJNVrIwHBWMab4ug==
  dependencies:
    "@jimp/utils" "^0.5.0"
    core-js "^2.5.7"
    tinycolor2 "^1.4.1"

"@jimp/plugin-contain@^0.5.4":
  version "0.5.4"
  resolved "https://registry.yarnpkg.com/@jimp/plugin-contain/-/plugin-contain-0.5.4.tgz#1dc258db36d50e23400e0644b7f2694fd74fbf60"
  integrity sha512-8YJh4FI3S69unri0nJsWeqVLeVGA77N2R0Ws16iSuCCD/5UnWd9FeWRrSbKuidBG6TdMBaG2KUqSYZeHeH9GOQ==
  dependencies:
    "@jimp/utils" "^0.5.0"
    core-js "^2.5.7"

"@jimp/plugin-cover@^0.5.4":
  version "0.5.4"
  resolved "https://registry.yarnpkg.com/@jimp/plugin-cover/-/plugin-cover-0.5.4.tgz#a086243b151db9eef09e657fbe8bc3ef8683662e"
  integrity sha512-2Rur7b44WiDDgizUI2M2uYWc1RmfhU5KjKS1xXruobjQ0tXkf5xlrPXSushq0hB6Ne0Ss6wv0+/6eQ8WeGHU2w==
  dependencies:
    "@jimp/utils" "^0.5.0"
    core-js "^2.5.7"

"@jimp/plugin-crop@^0.5.4":
  version "0.5.4"
  resolved "https://registry.yarnpkg.com/@jimp/plugin-crop/-/plugin-crop-0.5.4.tgz#124cf52aa07e36c7a33f39e2e86e78166c300ca7"
  integrity sha512-6t0rqn4VazquGk48tO6hFBrQ+nkvC+A1RnR6UM/m8ZtG2/yjpwF0MXcpgJI1Fb+a4Ug7BY1fu2GPcZOhnAVK/g==
  dependencies:
    "@jimp/utils" "^0.5.0"
    core-js "^2.5.7"

"@jimp/plugin-displace@^0.5.0":
  version "0.5.0"
  resolved "https://registry.yarnpkg.com/@jimp/plugin-displace/-/plugin-displace-0.5.0.tgz#cb75d8588bdee45c1bdb1bec2323705d0e53d060"
  integrity sha512-Bec7SQvnmKia4hOXEDjeNVx7vo/1bWqjuV6NO8xbNQcAO3gaCl91c9FjMDhsfAVb0Ou6imhbIuFPrLxorXsecQ==
  dependencies:
    "@jimp/utils" "^0.5.0"
    core-js "^2.5.7"

"@jimp/plugin-dither@^0.5.0":
  version "0.5.0"
  resolved "https://registry.yarnpkg.com/@jimp/plugin-dither/-/plugin-dither-0.5.0.tgz#0f1f6b7dcd5aba8f908bbd4b60685fc29cc6a3ed"
  integrity sha512-We2WJQsD/Lm8oqBFp/vUv9/5r2avyenL+wNNu/s2b1HqA5O4sPGrjHy9K6vIov0NroQGCQ3bNznLkTmjiHKBcg==
  dependencies:
    "@jimp/utils" "^0.5.0"
    core-js "^2.5.7"

"@jimp/plugin-flip@^0.5.0":
  version "0.5.0"
  resolved "https://registry.yarnpkg.com/@jimp/plugin-flip/-/plugin-flip-0.5.0.tgz#4a973c9c4bdc6dbcc7da66204a2bb2b12feb9381"
  integrity sha512-D/ehBQxLMNR7oNd80KXo4tnSET5zEm5mR70khYOTtTlfti/DlLp3qOdjPOzfLyAdqO7Ly4qCaXrIsnia+pfPrA==
  dependencies:
    "@jimp/utils" "^0.5.0"
    core-js "^2.5.7"

"@jimp/plugin-gaussian@^0.5.0":
  version "0.5.0"
  resolved "https://registry.yarnpkg.com/@jimp/plugin-gaussian/-/plugin-gaussian-0.5.0.tgz#02c9f07516108e01ba0f2938289b08e6e865c2c9"
  integrity sha512-Ln4kgxblv0/YzLBDb/J8DYPLhDzKH87Y8yHh5UKv3H+LPKnLaEG3L4iKTE9ivvdocnjmrtTFMYcWv2ERSPeHcg==
  dependencies:
    "@jimp/utils" "^0.5.0"
    core-js "^2.5.7"

"@jimp/plugin-invert@^0.5.0":
  version "0.5.0"
  resolved "https://registry.yarnpkg.com/@jimp/plugin-invert/-/plugin-invert-0.5.0.tgz#4496d2d67ab498c8fa3e89c4b6dd5892e7f14b9b"
  integrity sha512-/vyKeIi3T7puf+8ruWovTjzDC585EnTwJ+lGOOUYiNPsdn4JDFe1B3xd+Ayv9aCQbXDIlPElZaM9vd/+wqDiIQ==
  dependencies:
    "@jimp/utils" "^0.5.0"
    core-js "^2.5.7"

"@jimp/plugin-mask@^0.5.4":
  version "0.5.4"
  resolved "https://registry.yarnpkg.com/@jimp/plugin-mask/-/plugin-mask-0.5.4.tgz#ac4c2625e328818da1443c92bcb9cabb537c74ba"
  integrity sha512-mUJ04pCrUWaJGXPjgoVbzhIQB8cVobj2ZEFlGO3BEAjyylYMrdJlNlsER8dd7UuJ2L/a4ocWtFDdsnuicnBghQ==
  dependencies:
    "@jimp/utils" "^0.5.0"
    core-js "^2.5.7"

"@jimp/plugin-normalize@^0.5.4":
  version "0.5.4"
  resolved "https://registry.yarnpkg.com/@jimp/plugin-normalize/-/plugin-normalize-0.5.4.tgz#d60aeb637bcaecadf654c9621e291d6eed12fa19"
  integrity sha512-Q5W0oEz9wxsjuhvHAJynI/OqXZcmqEAuRONQId7Aw5ulCXSOg9C4y2a67EO7aZAt55T+zMVxI9UpVUpzVvO6hw==
  dependencies:
    "@jimp/utils" "^0.5.0"
    core-js "^2.5.7"

"@jimp/plugin-print@^0.5.4":
  version "0.5.4"
  resolved "https://registry.yarnpkg.com/@jimp/plugin-print/-/plugin-print-0.5.4.tgz#00524a7424a4e12a17764d349485dd1120a43728"
  integrity sha512-DOZr5TY9WyMWFBD37oz7KpTEBVioFIHQF/gH5b3O5jjFyj4JPMkw7k3kVBve9lIrzIYrvLqe0wH59vyAwpeEFg==
  dependencies:
    "@jimp/utils" "^0.5.0"
    core-js "^2.5.7"
    load-bmfont "^1.4.0"

"@jimp/plugin-resize@^0.5.4":
  version "0.5.4"
  resolved "https://registry.yarnpkg.com/@jimp/plugin-resize/-/plugin-resize-0.5.4.tgz#c9b2c4949ee080df3fa2ca587539e2ce8588b8af"
  integrity sha512-lXNprNAT0QY1D1vG/1x6urUTlWuZe2dfL29P81ApW2Yfcio471+oqo45moX5FLS0q24xU600g7cHGf2/TzqSfA==
  dependencies:
    "@jimp/utils" "^0.5.0"
    core-js "^2.5.7"

"@jimp/plugin-rotate@^0.5.4":
  version "0.5.4"
  resolved "https://registry.yarnpkg.com/@jimp/plugin-rotate/-/plugin-rotate-0.5.4.tgz#6c4c560779bc3ebf291db9a5095158d32a2a4af3"
  integrity sha512-SIdUpMc8clObMchy8TnjgHgcXEQM992z5KavgiuOnCuBlsmSHtE3MrXTOyMW0Dn3gqapV9Y5vygrLm/BVtCCsg==
  dependencies:
    "@jimp/utils" "^0.5.0"
    core-js "^2.5.7"

"@jimp/plugin-scale@^0.5.0":
  version "0.5.0"
  resolved "https://registry.yarnpkg.com/@jimp/plugin-scale/-/plugin-scale-0.5.0.tgz#095f937e5a4887481b3074f5cd6a144d8f4f815e"
  integrity sha512-5InIOr3cNtrS5aQ/uaosNf28qLLc0InpNGKFmGFTv8oqZqLch6PtDTjDBZ1GGWsPdA/ljy4Qyy7mJO1QBmgQeQ==
  dependencies:
    "@jimp/utils" "^0.5.0"
    core-js "^2.5.7"

"@jimp/plugins@^0.5.5":
  version "0.5.5"
  resolved "https://registry.yarnpkg.com/@jimp/plugins/-/plugins-0.5.5.tgz#e97fa368d69ad7718d5a2a9b6ffa8e6cc1e4264d"
  integrity sha512-9oF6LbSM/K7YkFCcxaPaD8NUkL/ZY8vT8NIGfQ/NpX+tKQtcsLHcRavHpUC+M1xXShv/QGx9OdBV/jgiu82QYg==
  dependencies:
    "@jimp/plugin-blit" "^0.5.4"
    "@jimp/plugin-blur" "^0.5.0"
    "@jimp/plugin-color" "^0.5.5"
    "@jimp/plugin-contain" "^0.5.4"
    "@jimp/plugin-cover" "^0.5.4"
    "@jimp/plugin-crop" "^0.5.4"
    "@jimp/plugin-displace" "^0.5.0"
    "@jimp/plugin-dither" "^0.5.0"
    "@jimp/plugin-flip" "^0.5.0"
    "@jimp/plugin-gaussian" "^0.5.0"
    "@jimp/plugin-invert" "^0.5.0"
    "@jimp/plugin-mask" "^0.5.4"
    "@jimp/plugin-normalize" "^0.5.4"
    "@jimp/plugin-print" "^0.5.4"
    "@jimp/plugin-resize" "^0.5.4"
    "@jimp/plugin-rotate" "^0.5.4"
    "@jimp/plugin-scale" "^0.5.0"
    core-js "^2.5.7"
    timm "^1.6.1"

"@jimp/png@^0.5.4":
  version "0.5.4"
  resolved "https://registry.yarnpkg.com/@jimp/png/-/png-0.5.4.tgz#4ed02435ab8ac219b618e9578dfd60626b3b5dd4"
  integrity sha512-J2NU7368zihF1HUZdmpXsL/Hhyf+I3ubmK+6Uz3Uoyvtk1VS7dO3L0io6fJQutfWmPZ4bvu6Ry022oHjbi6QCA==
  dependencies:
    "@jimp/utils" "^0.5.0"
    core-js "^2.5.7"
    pngjs "^3.3.3"

"@jimp/tiff@^0.5.4":
  version "0.5.4"
  resolved "https://registry.yarnpkg.com/@jimp/tiff/-/tiff-0.5.4.tgz#ce5370283eba390ff32b6fd86b9259d7cf3e2315"
  integrity sha512-hr7Zq3eWjAZ+itSwuAObIWMRNv7oHVM3xuEDC2ouP7HfE7woBtyhCyfA7u12KlgtM57gKWeogXqTlewRGVzx6g==
  dependencies:
    core-js "^2.5.7"
    utif "^2.0.1"

"@jimp/types@^0.5.4":
  version "0.5.4"
  resolved "https://registry.yarnpkg.com/@jimp/types/-/types-0.5.4.tgz#c312e415ec9c4a35770e89b9eee424a96be60ab8"
  integrity sha512-nbZXM6TsdpnYHIBd8ZuoxGpvmxc2SqiggY30/bhOP/VJQoDBzm2v/20Ywz5M0snpIK2SdYG52eZPNjfjqUP39w==
  dependencies:
    "@jimp/bmp" "^0.5.4"
    "@jimp/gif" "^0.5.0"
    "@jimp/jpeg" "^0.5.4"
    "@jimp/png" "^0.5.4"
    "@jimp/tiff" "^0.5.4"
    core-js "^2.5.7"
    timm "^1.6.1"

"@jimp/utils@^0.5.0":
  version "0.5.0"
  resolved "https://registry.yarnpkg.com/@jimp/utils/-/utils-0.5.0.tgz#ecb33259c75238053d6c7706a3e91f657dbabf91"
  integrity sha512-7H9RFVU+Li2XmEko0GGyzy7m7JjSc7qa+m8l3fUzYg2GtwASApjKF/LSG2AUQCUmDKFLdfIEVjxvKvZUJFEmpw==
  dependencies:
    core-js "^2.5.7"

"@protobufjs/aspromise@^1.1.1", "@protobufjs/aspromise@^1.1.2":
  version "1.1.2"
  resolved "https://registry.yarnpkg.com/@protobufjs/aspromise/-/aspromise-1.1.2.tgz#9b8b0cc663d669a7d8f6f5d0893a14d348f30fbf"
  integrity sha1-m4sMxmPWaafY9vXQiToU00jzD78=

"@protobufjs/base64@^1.1.2":
  version "1.1.2"
  resolved "https://registry.yarnpkg.com/@protobufjs/base64/-/base64-1.1.2.tgz#4c85730e59b9a1f1f349047dbf24296034bb2735"
  integrity sha512-AZkcAA5vnN/v4PDqKyMR5lx7hZttPDgClv83E//FMNhR2TMcLUhfRUBHCmSl0oi9zMgDDqRUJkSxO3wm85+XLg==

"@protobufjs/codegen@^2.0.4":
  version "2.0.4"
  resolved "https://registry.yarnpkg.com/@protobufjs/codegen/-/codegen-2.0.4.tgz#7ef37f0d010fb028ad1ad59722e506d9262815cb"
  integrity sha512-YyFaikqM5sH0ziFZCN3xDC7zeGaB/d0IUb9CATugHWbd1FRFwWwt4ld4OYMPWu5a3Xe01mGAULCdqhMlPl29Jg==

"@protobufjs/eventemitter@^1.1.0":
  version "1.1.0"
  resolved "https://registry.yarnpkg.com/@protobufjs/eventemitter/-/eventemitter-1.1.0.tgz#355cbc98bafad5978f9ed095f397621f1d066b70"
  integrity sha1-NVy8mLr61ZePntCV85diHx0Ga3A=

"@protobufjs/fetch@^1.1.0":
  version "1.1.0"
  resolved "https://registry.yarnpkg.com/@protobufjs/fetch/-/fetch-1.1.0.tgz#ba99fb598614af65700c1619ff06d454b0d84c45"
  integrity sha1-upn7WYYUr2VwDBYZ/wbUVLDYTEU=
  dependencies:
    "@protobufjs/aspromise" "^1.1.1"
    "@protobufjs/inquire" "^1.1.0"

"@protobufjs/float@^1.0.2":
  version "1.0.2"
  resolved "https://registry.yarnpkg.com/@protobufjs/float/-/float-1.0.2.tgz#5e9e1abdcb73fc0a7cb8b291df78c8cbd97b87d1"
  integrity sha1-Xp4avctz/Ap8uLKR33jIy9l7h9E=

"@protobufjs/inquire@^1.1.0":
  version "1.1.0"
  resolved "https://registry.yarnpkg.com/@protobufjs/inquire/-/inquire-1.1.0.tgz#ff200e3e7cf2429e2dcafc1140828e8cc638f089"
  integrity sha1-/yAOPnzyQp4tyvwRQIKOjMY48Ik=

"@protobufjs/path@^1.1.2":
  version "1.1.2"
  resolved "https://registry.yarnpkg.com/@protobufjs/path/-/path-1.1.2.tgz#6cc2b20c5c9ad6ad0dccfd21ca7673d8d7fbf68d"
  integrity sha1-bMKyDFya1q0NzP0hynZz2Nf79o0=

"@protobufjs/pool@^1.1.0":
  version "1.1.0"
  resolved "https://registry.yarnpkg.com/@protobufjs/pool/-/pool-1.1.0.tgz#09fd15f2d6d3abfa9b65bc366506d6ad7846ff54"
  integrity sha1-Cf0V8tbTq/qbZbw2ZQbWrXhG/1Q=

"@protobufjs/utf8@^1.1.0":
  version "1.1.0"
  resolved "https://registry.yarnpkg.com/@protobufjs/utf8/-/utf8-1.1.0.tgz#a777360b5b39a1a2e5106f8e858f2fd2d060c570"
  integrity sha1-p3c2C1s5oaLlEG+OhY8v0tBgxXA=

"@tensorflow/tfjs-converter@0.6.6":
  version "0.6.6"
  resolved "https://registry.yarnpkg.com/@tensorflow/tfjs-converter/-/tfjs-converter-0.6.6.tgz#1688ca889b63548434dc4e9f0447f568488cae9e"
  integrity sha512-zDpDY6hyoXw6yEHd8CZrs7VL1Kl/kFhW5JcJWC7h2xqsMxk09v7OSNa4YQfJWJQeCXVStjK9VOqLSkwTETwPrw==
  dependencies:
    "@types/long" "~3.0.32"
    protobufjs "~6.8.6"

"@tensorflow/tfjs-core@0.13.10":
  version "0.13.10"
  resolved "https://registry.yarnpkg.com/@tensorflow/tfjs-core/-/tfjs-core-0.13.10.tgz#dab52099542d683fa655fb46ac5fec16af43ced6"
  integrity sha512-hq4wZj9qHDqSCKJ6VWfbSHVo3J2h3i+4pd3KCEIiBiFkwyv571hFQRrYeD3uuXrFm+ZjBDU2Js/Nl9m2kcv4ag==
  dependencies:
    "@types/seedrandom" "2.4.27"
    "@types/webgl-ext" "0.0.30"
    "@types/webgl2" "0.0.4"
    seedrandom "2.4.3"

"@tensorflow/tfjs-layers@0.8.4":
  version "0.8.4"
  resolved "https://registry.yarnpkg.com/@tensorflow/tfjs-layers/-/tfjs-layers-0.8.4.tgz#e4786b2886565bd92c29d6c9444a5dac2266ffed"
  integrity sha512-iKWoWlKxu7yvB09KZnbIUZArICnbTHRE7TC1VnGypqS5s/6Y66/MRYLAJYMZ9ArXp4ijUbJKt92aoXYzvwEV7g==

"@tensorflow/tfjs-node@^0.1.20":
  version "0.1.20"
  resolved "https://registry.yarnpkg.com/@tensorflow/tfjs-node/-/tfjs-node-0.1.20.tgz#df9a023c568943a9fa262916ffd0649998cb718a"
  integrity sha512-pa/mRWzqUrO+8Q0RbZvIy1uS1+kMZT83VLusGylDBB7qX2Hs2zjk0K2NpmjBocKY+2VRlGBQe8jik3A6E4UTbQ==
  dependencies:
    "@tensorflow/tfjs" "~0.13.4"
    adm-zip "^0.4.11"
    bindings "~1.3.0"
    progress "^2.0.0"
    rimraf "^2.6.2"
    tar "^4.4.6"

"@tensorflow/tfjs@~0.13.4":
  version "0.13.4"
  resolved "https://registry.yarnpkg.com/@tensorflow/tfjs/-/tfjs-0.13.4.tgz#65e97a453fb4363018d27d25f6648f6351715c10"
  integrity sha512-IKDUsgrWOZvqrBGne9NC4I6ZrPXUgScYoLsplMLUGoHsSD8CiAslOVI7wl2uDEJhqm1MY3VjHdELnl2f1Fm7kg==
  dependencies:
    "@tensorflow/tfjs-converter" "0.6.6"
    "@tensorflow/tfjs-core" "0.13.10"
    "@tensorflow/tfjs-layers" "0.8.4"

"@types/long@^4.0.0":
  version "4.0.0"
  resolved "https://registry.yarnpkg.com/@types/long/-/long-4.0.0.tgz#719551d2352d301ac8b81db732acb6bdc28dbdef"
  integrity sha512-1w52Nyx4Gq47uuu0EVcsHBxZFJgurQ+rTKS3qMHxR1GY2T8c2AJYd6vZoZ9q1rupaDjU0yT+Jc2XTyXkjeMA+Q==

"@types/long@~3.0.32":
  version "3.0.32"
  resolved "https://registry.yarnpkg.com/@types/long/-/long-3.0.32.tgz#f4e5af31e9e9b196d8e5fca8a5e2e20aa3d60b69"
  integrity sha512-ZXyOOm83p7X8p3s0IYM3VeueNmHpkk/yMlP8CLeOnEcu6hIwPH7YjZBvhQkR0ZFS2DqZAxKtJ/M5fcuv3OU5BA==

"@types/node@^10.1.0":
  version "10.12.3"
  resolved "https://registry.yarnpkg.com/@types/node/-/node-10.12.3.tgz#3918b73ceed484e58367be5acb79d1775239e393"
  integrity sha512-sfGmOtSMSbQ/AKG8V9xD1gmjquC9awIIZ/Kj309pHb2n3bcRAcGMQv5nJ6gCXZVsneGE4+ve8DXKRCsrg3TFzg==

"@types/seedrandom@2.4.27":
  version "2.4.27"
  resolved "https://registry.yarnpkg.com/@types/seedrandom/-/seedrandom-2.4.27.tgz#9db563937dd86915f69092bc43259d2f48578e41"
  integrity sha1-nbVjk33YaRX2kJK8QyWdL0hXjkE=

"@types/webgl-ext@0.0.30":
  version "0.0.30"
  resolved "https://registry.yarnpkg.com/@types/webgl-ext/-/webgl-ext-0.0.30.tgz#0ce498c16a41a23d15289e0b844d945b25f0fb9d"
  integrity sha512-LKVgNmBxN0BbljJrVUwkxwRYqzsAEPcZOe6S2T6ZaBDIrFp0qu4FNlpc5sM1tGbXUYFgdVQIoeLk1Y1UoblyEg==

"@types/webgl2@0.0.4":
  version "0.0.4"
  resolved "https://registry.yarnpkg.com/@types/webgl2/-/webgl2-0.0.4.tgz#c3b0f9d6b465c66138e84e64cb3bdf8373c2c279"
  integrity sha512-PACt1xdErJbMUOUweSrbVM7gSIYm1vTncW2hF6Os/EeWi6TXYAYMPp+8v6rzHmypE5gHrxaxZNXgMkJVIdZpHw==

adm-zip@^0.4.11:
  version "0.4.11"
  resolved "https://registry.yarnpkg.com/adm-zip/-/adm-zip-0.4.11.tgz#2aa54c84c4b01a9d0fb89bb11982a51f13e3d62a"
  integrity sha512-L8vcjDTCOIJk7wFvmlEUN7AsSb8T+2JrdP7KINBjzr24TJ5Mwj590sLu3BC7zNZowvJWa/JtPmD8eJCzdtDWjA==

any-base@^1.1.0:
  version "1.1.0"
  resolved "https://registry.yarnpkg.com/any-base/-/any-base-1.1.0.tgz#ae101a62bc08a597b4c9ab5b7089d456630549fe"
  integrity sha512-uMgjozySS8adZZYePpaWs8cxB9/kdzmpX6SgJZ+wbz1K5eYk5QMYDVJaZKhxyIHUdnnJkfR7SVgStgH7LkGUyg==

argparse@^1.0.10:
  version "1.0.10"
  resolved "https://registry.yarnpkg.com/argparse/-/argparse-1.0.10.tgz#bcd6791ea5ae09725e17e5ad988134cd40b3d911"
  dependencies:
    sprintf-js "~1.0.2"

async@^1.5.2:
  version "1.5.2"
  resolved "https://registry.yarnpkg.com/async/-/async-1.5.2.tgz#ec6a61ae56480c0c3cb241c95618e20892f9672a"

balanced-match@^1.0.0:
  version "1.0.0"
  resolved "https://registry.yarnpkg.com/balanced-match/-/balanced-match-1.0.0.tgz#89b4d199ab2bee49de164ea02b89ce462d71b767"
  integrity sha1-ibTRmasr7kneFk6gK4nORi1xt2c=

base64-js@^1.0.2:
  version "1.3.0"
  resolved "https://registry.yarnpkg.com/base64-js/-/base64-js-1.3.0.tgz#cab1e6118f051095e58b5281aea8c1cd22bfc0e3"
  integrity sha512-ccav/yGvoa80BQDljCxsmmQ3Xvx60/UpBIij5QN21W3wBi/hhIC9OoO+KLpu9IJTS9j4DRVJ3aDDF9cMSoa2lw==

bindings@~1.3.0:
  version "1.3.0"
  resolved "https://registry.yarnpkg.com/bindings/-/bindings-1.3.0.tgz#b346f6ecf6a95f5a815c5839fc7cdb22502f1ed7"
  integrity sha512-DpLh5EzMR2kzvX1KIlVC0VkC3iZtHKTgdtZ0a3pglBZdaQFjt5S9g9xd1lE+YvXyfd6mtCeRnrUfOLYiTMlNSw==

bmp-js@^0.1.0:
  version "0.1.0"
  resolved "https://registry.yarnpkg.com/bmp-js/-/bmp-js-0.1.0.tgz#e05a63f796a6c1ff25f4771ec7adadc148c07233"
  integrity sha1-4Fpj95amwf8l9Hcex62twUjAcjM=

brace-expansion@^1.1.7:
  version "1.1.11"
  resolved "https://registry.yarnpkg.com/brace-expansion/-/brace-expansion-1.1.11.tgz#3c7fcbf529d87226f3d2f52b966ff5271eb441dd"
  integrity sha512-iCuPHDFgrHX7H2vEI/5xpz07zSHB00TpugqhmYtVmMO6518mCuRMoOYFldEBl0g187ufozdaHgWKcYFb61qGiA==
  dependencies:
    balanced-match "^1.0.0"
    concat-map "0.0.1"

buffer-equal@0.0.1:
  version "0.0.1"
  resolved "https://registry.yarnpkg.com/buffer-equal/-/buffer-equal-0.0.1.tgz#91bc74b11ea405bc916bc6aa908faafa5b4aac4b"
  integrity sha1-kbx0sR6kBbyRa8aqkI+q+ltKrEs=

buffer@^5.2.0:
  version "5.2.1"
  resolved "https://registry.yarnpkg.com/buffer/-/buffer-5.2.1.tgz#dd57fa0f109ac59c602479044dca7b8b3d0b71d6"
  integrity sha512-c+Ko0loDaFfuPWiL02ls9Xd3GO3cPVmUobQ6t3rXNUk304u6hGq+8N/kFi+QEIKhzK3uwolVhLzszmfLmMLnqg==
  dependencies:
    base64-js "^1.0.2"
    ieee754 "^1.1.4"

chownr@^1.1.1:
  version "1.1.1"
  resolved "https://registry.yarnpkg.com/chownr/-/chownr-1.1.1.tgz#54726b8b8fff4df053c42187e801fb4412df1494"
  integrity sha512-j38EvO5+LHX84jlo6h4UzmOwi0UgW61WRyPtJz4qaadK5eY3BTS5TY/S1Stc3Uk2lIM6TPevAlULiEJwie860g==

clang-format@~1.2.2:
  version "1.2.4"
  resolved "https://registry.yarnpkg.com/clang-format/-/clang-format-1.2.4.tgz#4bb4b0a98180428deb093cf20982e9fc1af20b6c"
  dependencies:
    async "^1.5.2"
    glob "^7.0.0"
    resolve "^1.1.6"

concat-map@0.0.1:
  version "0.0.1"
  resolved "https://registry.yarnpkg.com/concat-map/-/concat-map-0.0.1.tgz#d8a96bd77fd68df7793a73036a3ba0d5405d477b"
  integrity sha1-2Klr13/Wjfd5OnMDajug1UBdR3s=

core-js@^2.5.7:
  version "2.5.7"
  resolved "https://registry.yarnpkg.com/core-js/-/core-js-2.5.7.tgz#f972608ff0cead68b841a16a932d0b183791814e"
  integrity sha512-RszJCAxg/PP6uzXVXL6BsxSXx/B05oJAQ2vkJRjyjrEcNVycaqOmNb5OTxZPE3xa5gwZduqza6L9JOCenh/Ecw==

dom-walk@^0.1.0:
  version "0.1.1"
  resolved "https://registry.yarnpkg.com/dom-walk/-/dom-walk-0.1.1.tgz#672226dc74c8f799ad35307df936aba11acd6018"
  integrity sha1-ZyIm3HTI95mtNTB9+TaroRrNYBg=

exif-parser@^0.1.12:
  version "0.1.12"
  resolved "https://registry.yarnpkg.com/exif-parser/-/exif-parser-0.1.12.tgz#58a9d2d72c02c1f6f02a0ef4a9166272b7760922"
  integrity sha1-WKnS1ywCwfbwKg70qRZicrd2CSI=

file-type@^9.0.0:
  version "9.0.0"
  resolved "https://registry.yarnpkg.com/file-type/-/file-type-9.0.0.tgz#a68d5ad07f486414dfb2c8866f73161946714a18"
  integrity sha512-Qe/5NJrgIOlwijpq3B7BEpzPFcgzggOTagZmkXQY4LA6bsXKTUstK7Wp12lEJ/mLKTpvIZxmIuRcLYWT6ov9lw==

for-each@^0.3.2:
  version "0.3.3"
  resolved "https://registry.yarnpkg.com/for-each/-/for-each-0.3.3.tgz#69b447e88a0a5d32c3e7084f3f1710034b21376e"
  integrity sha512-jqYfLp7mo9vIyQf8ykW2v7A+2N4QjeCeI5+Dz9XraiO1ign81wjiH7Fb9vSOWvQfNtmSa4H2RoQTrrXivdUZmw==
  dependencies:
    is-callable "^1.1.3"

fs-minipass@^1.2.5:
  version "1.2.5"
  resolved "https://registry.yarnpkg.com/fs-minipass/-/fs-minipass-1.2.5.tgz#06c277218454ec288df77ada54a03b8702aacb9d"
  integrity sha512-JhBl0skXjUPCFH7x6x61gQxrKyXsxB5gcgePLZCwfyCGGsTISMoIeObbrvVeP6Xmyaudw4TT43qV2Gz+iyd2oQ==
  dependencies:
    minipass "^2.2.1"

fs.realpath@^1.0.0:
  version "1.0.0"
  resolved "https://registry.yarnpkg.com/fs.realpath/-/fs.realpath-1.0.0.tgz#1504ad2523158caa40db4a2787cb01411994ea4f"
  integrity sha1-FQStJSMVjKpA20onh8sBQRmU6k8=

glob@^7.0.0, glob@^7.0.5:
  version "7.1.3"
  resolved "https://registry.yarnpkg.com/glob/-/glob-7.1.3.tgz#3960832d3f1574108342dafd3a67b332c0969df1"
  dependencies:
    fs.realpath "^1.0.0"
    inflight "^1.0.4"
    inherits "2"
    minimatch "^3.0.4"
    once "^1.3.0"
    path-is-absolute "^1.0.0"

global@~4.3.0:
  version "4.3.2"
  resolved "https://registry.yarnpkg.com/global/-/global-4.3.2.tgz#e76989268a6c74c38908b1305b10fc0e394e9d0f"
  integrity sha1-52mJJopsdMOJCLEwWxD8DjlOnQ8=
  dependencies:
    min-document "^2.19.0"
    process "~0.5.1"

ieee754@^1.1.4:
  version "1.1.12"
  resolved "https://registry.yarnpkg.com/ieee754/-/ieee754-1.1.12.tgz#50bf24e5b9c8bb98af4964c941cdb0918da7b60b"
  integrity sha512-GguP+DRY+pJ3soyIiGPTvdiVXjZ+DbXOxGpXn3eMvNW4x4irjqXm4wHKscC+TfxSJ0yw/S1F24tqdMNsMZTiLA==

inflight@^1.0.4:
  version "1.0.6"
  resolved "https://registry.yarnpkg.com/inflight/-/inflight-1.0.6.tgz#49bd6331d7d02d0c09bc910a1075ba8165b56df9"
  integrity sha1-Sb1jMdfQLQwJvJEKEHW6gWW1bfk=
  dependencies:
    once "^1.3.0"
    wrappy "1"

inherits@2:
  version "2.0.3"
  resolved "https://registry.yarnpkg.com/inherits/-/inherits-2.0.3.tgz#633c2c83e3da42a502f52466022480f4208261de"
  integrity sha1-Yzwsg+PaQqUC9SRmAiSA9CCCYd4=

is-callable@^1.1.3:
  version "1.1.4"
  resolved "https://registry.yarnpkg.com/is-callable/-/is-callable-1.1.4.tgz#1e1adf219e1eeb684d691f9d6a05ff0d30a24d75"
  integrity sha512-r5p9sxJjYnArLjObpjA4xu5EKI3CuKHkJXMhT7kwbpUyIFD1n5PMAsoPvWnvtZiNz7LjkYDRZhd7FlI0eMijEA==

is-function@^1.0.1:
  version "1.0.1"
  resolved "https://registry.yarnpkg.com/is-function/-/is-function-1.0.1.tgz#12cfb98b65b57dd3d193a3121f5f6e2f437602b5"
  integrity sha1-Es+5i2W1fdPRk6MSH19uL0N2ArU=

jimp@^0.5.6:
  version "0.5.6"
  resolved "https://registry.yarnpkg.com/jimp/-/jimp-0.5.6.tgz#dd114decd060927ae439f2e0980df619c179f912"
  integrity sha512-H0nHTu6KgAgQzDxa38ew2dXbnRzKm1w5uEyhMIxqwCQVjwgarOjjkV/avbNLxfxRHAFaNp4rGIc/qm8P+uhX9A==
  dependencies:
    "@babel/polyfill" "^7.0.0"
    "@jimp/custom" "^0.5.4"
    "@jimp/plugins" "^0.5.5"
    "@jimp/types" "^0.5.4"
    core-js "^2.5.7"

jpeg-js@^0.3.4:
  version "0.3.4"
  resolved "https://registry.yarnpkg.com/jpeg-js/-/jpeg-js-0.3.4.tgz#dc2ba501ee3d58b7bb893c5d1fab47294917e7e7"
  integrity sha512-6IzjQxvnlT8UlklNmDXIJMWxijULjqGrzgqc0OG7YadZdvm7KPQ1j0ehmQQHckgEWOfgpptzcnWgESovxudpTA==

jpickle@^0.4.1:
  version "0.4.1"
  resolved "https://registry.yarnpkg.com/jpickle/-/jpickle-0.4.1.tgz#17eea5d3624cccec38f86e89a059abd05952364a"
  integrity sha1-F+6l02JMzOw4+G6JoFmr0FlSNko=

load-bmfont@^1.3.1, load-bmfont@^1.4.0:
  version "1.4.0"
  resolved "https://registry.yarnpkg.com/load-bmfont/-/load-bmfont-1.4.0.tgz#75f17070b14a8c785fe7f5bee2e6fd4f98093b6b"
  integrity sha512-kT63aTAlNhZARowaNYcY29Fn/QYkc52M3l6V1ifRcPewg2lvUZDAj7R6dXjOL9D0sict76op3T5+odumDSF81g==
  dependencies:
    buffer-equal "0.0.1"
    mime "^1.3.4"
    parse-bmfont-ascii "^1.0.3"
    parse-bmfont-binary "^1.0.5"
    parse-bmfont-xml "^1.1.4"
    phin "^2.9.1"
    xhr "^2.0.1"
    xtend "^4.0.0"

long@^4.0.0:
  version "4.0.0"
  resolved "https://registry.yarnpkg.com/long/-/long-4.0.0.tgz#9a7b71cfb7d361a194ea555241c92f7468d5bf28"
  integrity sha512-XsP+KhQif4bjX1kbuSiySJFNAehNxgLb6hPRGJ9QsUr8ajHkuXGdrHmFUTUUXhDwVX2R5bY4JNZEwbUiMhV+MA==

mime@^1.3.4:
  version "1.6.0"
  resolved "https://registry.yarnpkg.com/mime/-/mime-1.6.0.tgz#32cd9e5c64553bd58d19a568af452acff04981b1"
  integrity sha512-x0Vn8spI+wuJ1O6S7gnbaQg8Pxh4NNHb7KSINmEWKiPE4RKOplvijn+NkmYmmRgP68mc70j2EbeTFRsrswaQeg==

min-document@^2.19.0:
  version "2.19.0"
  resolved "https://registry.yarnpkg.com/min-document/-/min-document-2.19.0.tgz#7bd282e3f5842ed295bb748cdd9f1ffa2c824685"
  integrity sha1-e9KC4/WELtKVu3SM3Z8f+iyCRoU=
  dependencies:
    dom-walk "^0.1.0"

minimatch@^3.0.4:
  version "3.0.4"
  resolved "https://registry.yarnpkg.com/minimatch/-/minimatch-3.0.4.tgz#5166e286457f03306064be5497e8dbb0c3d32083"
  integrity sha512-yJHVQEhyqPLUTgt9B83PXu6W3rx4MvvHvSUvToogpwoGDOUQ+yDrR0HRot+yOCdCO7u4hX3pWft6kWBBcqh0UA==
  dependencies:
    brace-expansion "^1.1.7"

minimist@0.0.8:
  version "0.0.8"
  resolved "https://registry.yarnpkg.com/minimist/-/minimist-0.0.8.tgz#857fcabfc3397d2625b8228262e86aa7a011b05d"
  integrity sha1-hX/Kv8M5fSYluCKCYuhqp6ARsF0=

minipass@^2.2.1, minipass@^2.3.4:
  version "2.3.5"
  resolved "https://registry.yarnpkg.com/minipass/-/minipass-2.3.5.tgz#cacebe492022497f656b0f0f51e2682a9ed2d848"
  integrity sha512-Gi1W4k059gyRbyVUZQ4mEqLm0YIUiGYfvxhF6SIlk3ui1WVxMTGfGdQ2SInh3PDrRTVvPKgULkpJtT4RH10+VA==
  dependencies:
    safe-buffer "^5.1.2"
    yallist "^3.0.0"

minizlib@^1.1.1:
  version "1.1.1"
  resolved "https://registry.yarnpkg.com/minizlib/-/minizlib-1.1.1.tgz#6734acc045a46e61d596a43bb9d9cd326e19cc42"
  integrity sha512-TrfjCjk4jLhcJyGMYymBH6oTXcWjYbUAXTHDbtnWHjZC25h0cdajHuPE1zxb4DVmu8crfh+HwH/WMuyLG0nHBg==
  dependencies:
    minipass "^2.2.1"

mkdirp@0.5.1, mkdirp@^0.5.0:
  version "0.5.1"
  resolved "https://registry.yarnpkg.com/mkdirp/-/mkdirp-0.5.1.tgz#30057438eac6cf7f8c4767f38648d6697d75c903"
  integrity sha1-MAV0OOrGz3+MR2fzhkjWaX11yQM=
  dependencies:
    minimist "0.0.8"

omggif@^1.0.9:
  version "1.0.9"
  resolved "https://registry.yarnpkg.com/omggif/-/omggif-1.0.9.tgz#dcb7024dacd50c52b4d303f04802c91c057c765f"
  integrity sha1-3LcCTazVDFK00wPwSALJHAV8dl8=

once@^1.3.0:
  version "1.4.0"
  resolved "https://registry.yarnpkg.com/once/-/once-1.4.0.tgz#583b1aa775961d4b113ac17d9c50baef9dd76bd1"
  integrity sha1-WDsap3WWHUsROsF9nFC6753Xa9E=
  dependencies:
    wrappy "1"

pako@^1.0.5:
  version "1.0.6"
  resolved "https://registry.yarnpkg.com/pako/-/pako-1.0.6.tgz#0101211baa70c4bca4a0f63f2206e97b7dfaf258"
  integrity sha512-lQe48YPsMJAig+yngZ87Lus+NF+3mtu7DVOBu6b/gHO1YpKwIj5AWjZ/TOS7i46HD/UixzWb1zeWDZfGZ3iYcg==

parse-bmfont-ascii@^1.0.3:
  version "1.0.6"
  resolved "https://registry.yarnpkg.com/parse-bmfont-ascii/-/parse-bmfont-ascii-1.0.6.tgz#11ac3c3ff58f7c2020ab22769079108d4dfa0285"
  integrity sha1-Eaw8P/WPfCAgqyJ2kHkQjU36AoU=

parse-bmfont-binary@^1.0.5:
  version "1.0.6"
  resolved "https://registry.yarnpkg.com/parse-bmfont-binary/-/parse-bmfont-binary-1.0.6.tgz#d038b476d3e9dd9db1e11a0b0e53a22792b69006"
  integrity sha1-0Di0dtPp3Z2x4RoLDlOiJ5K2kAY=

parse-bmfont-xml@^1.1.4:
  version "1.1.4"
  resolved "https://registry.yarnpkg.com/parse-bmfont-xml/-/parse-bmfont-xml-1.1.4.tgz#015319797e3e12f9e739c4d513872cd2fa35f389"
  integrity sha512-bjnliEOmGv3y1aMEfREMBJ9tfL3WR0i0CKPj61DnSLaoxWR3nLrsQrEbCId/8rF4NyRF0cCqisSVXyQYWM+mCQ==
  dependencies:
    xml-parse-from-string "^1.0.0"
    xml2js "^0.4.5"

parse-headers@^2.0.0:
  version "2.0.1"
  resolved "https://registry.yarnpkg.com/parse-headers/-/parse-headers-2.0.1.tgz#6ae83a7aa25a9d9b700acc28698cd1f1ed7e9536"
  integrity sha1-aug6eqJanZtwCswoaYzR8e1+lTY=
  dependencies:
    for-each "^0.3.2"
    trim "0.0.1"

path-is-absolute@^1.0.0:
  version "1.0.1"
  resolved "https://registry.yarnpkg.com/path-is-absolute/-/path-is-absolute-1.0.1.tgz#174b9268735534ffbc7ace6bf53a5a9e1b5c5f5f"
  integrity sha1-F0uSaHNVNP+8es5r9TpanhtcX18=

path-parse@^1.0.5:
  version "1.0.6"
  resolved "https://registry.yarnpkg.com/path-parse/-/path-parse-1.0.6.tgz#d62dbb5679405d72c4737ec58600e9ddcf06d24c"

phin@^2.9.1:
  version "2.9.3"
  resolved "https://registry.yarnpkg.com/phin/-/phin-2.9.3.tgz#f9b6ac10a035636fb65dfc576aaaa17b8743125c"
  integrity sha512-CzFr90qM24ju5f88quFC/6qohjC144rehe5n6DH900lgXmUe86+xCKc10ev56gRKC4/BkHUoG4uSiQgBiIXwDA==

pickle@^0.2.0:
  version "0.2.0"
  resolved "https://registry.yarnpkg.com/pickle/-/pickle-0.2.0.tgz#1b63adda34fbf6bc36727223d6bb2ddb9bd14106"
  integrity sha1-G2Ot2jT79rw2cnIj1rst25vRQQY=

pixelmatch@^4.0.2:
  version "4.0.2"
  resolved "https://registry.yarnpkg.com/pixelmatch/-/pixelmatch-4.0.2.tgz#8f47dcec5011b477b67db03c243bc1f3085e8854"
  integrity sha1-j0fc7FARtHe2fbA8JDvB8wheiFQ=
  dependencies:
    pngjs "^3.0.0"

pngjs@^3.0.0, pngjs@^3.3.3:
  version "3.3.3"
  resolved "https://registry.yarnpkg.com/pngjs/-/pngjs-3.3.3.tgz#85173703bde3edac8998757b96e5821d0966a21b"
  integrity sha512-1n3Z4p3IOxArEs1VRXnZ/RXdfEniAUS9jb68g58FIXMNkPJeZd+Qh4Uq7/e0LVxAQGos1eIUrqrt4FpjdnEd+Q==

process@~0.5.1:
  version "0.5.2"
  resolved "https://registry.yarnpkg.com/process/-/process-0.5.2.tgz#1638d8a8e34c2f440a91db95ab9aeb677fc185cf"
  integrity sha1-FjjYqONML0QKkduVq5rrZ3/Bhc8=

progress@^2.0.0:
  version "2.0.0"
  resolved "https://registry.yarnpkg.com/progress/-/progress-2.0.0.tgz#8a1be366bf8fc23db2bd23f10c6fe920b4389d1f"

protobufjs@~6.8.6:
  version "6.8.8"
  resolved "https://registry.yarnpkg.com/protobufjs/-/protobufjs-6.8.8.tgz#c8b4f1282fd7a90e6f5b109ed11c84af82908e7c"
  integrity sha512-AAmHtD5pXgZfi7GMpllpO3q1Xw1OYldr+dMUlAnffGTAhqkg72WdmSY71uKBF/JuyiKs8psYbtKrhi0ASCD8qw==
  dependencies:
    "@protobufjs/aspromise" "^1.1.2"
    "@protobufjs/base64" "^1.1.2"
    "@protobufjs/codegen" "^2.0.4"
    "@protobufjs/eventemitter" "^1.1.0"
    "@protobufjs/fetch" "^1.1.0"
    "@protobufjs/float" "^1.0.2"
    "@protobufjs/inquire" "^1.1.0"
    "@protobufjs/path" "^1.1.2"
    "@protobufjs/pool" "^1.1.0"
    "@protobufjs/utf8" "^1.1.0"
    "@types/long" "^4.0.0"
    "@types/node" "^10.1.0"
    long "^4.0.0"

regenerator-runtime@^0.11.1:
  version "0.11.1"
  resolved "https://registry.yarnpkg.com/regenerator-runtime/-/regenerator-runtime-0.11.1.tgz#be05ad7f9bf7d22e056f9726cee5017fbf19e2e9"
  integrity sha512-MguG95oij0fC3QV3URf4V2SDYGJhJnJGqvIIgdECeODCT98wSWDAJ94SSuVpYQUoTcGUIL6L4yNB7j1DFFHSBg==

resolve@^1.1.6:
  version "1.8.1"
  resolved "https://registry.yarnpkg.com/resolve/-/resolve-1.8.1.tgz#82f1ec19a423ac1fbd080b0bab06ba36e84a7a26"
  dependencies:
    path-parse "^1.0.5"

rimraf@^2.6.2:
  version "2.6.2"
  resolved "https://registry.yarnpkg.com/rimraf/-/rimraf-2.6.2.tgz#2ed8150d24a16ea8651e6d6ef0f47c4158ce7a36"
  integrity sha512-lreewLK/BlghmxtfH36YYVg1i8IAce4TI7oao75I1g245+6BctqTVQiBP3YUJ9C6DQOXJmkYR9X9fCLtCOJc5w==
  dependencies:
    glob "^7.0.5"

safe-buffer@^5.1.2:
  version "5.1.2"
  resolved "https://registry.yarnpkg.com/safe-buffer/-/safe-buffer-5.1.2.tgz#991ec69d296e0313747d59bdfd2b745c35f8828d"
  integrity sha512-Gd2UZBJDkXlY7GbJxfsE8/nvKkUEU1G38c1siN6QP6a9PT9MmHB8GnpscSmMJSoF8LOIrt8ud/wPtojys4G6+g==

sax@>=0.6.0:
  version "1.2.4"
  resolved "https://registry.yarnpkg.com/sax/-/sax-1.2.4.tgz#2816234e2378bddc4e5354fab5caa895df7100d9"
  integrity sha512-NqVDv9TpANUjFm0N8uM5GxL36UgKi9/atZw+x7YFnQ8ckwFGKrl4xX4yWtrey3UJm5nP1kUbnYgLopqWNSRhWw==

seedrandom@2.4.3:
  version "2.4.3"
  resolved "https://registry.yarnpkg.com/seedrandom/-/seedrandom-2.4.3.tgz#2438504dad33917314bff18ac4d794f16d6aaecc"
  integrity sha1-JDhQTa0zkXMUv/GKxNeU8W1qrsw=

sprintf-js@~1.0.2:
  version "1.0.3"
  resolved "https://registry.yarnpkg.com/sprintf-js/-/sprintf-js-1.0.3.tgz#04e6926f662895354f3dd015203633b857297e2c"

tar@^4.4.6:
  version "4.4.8"
  resolved "https://registry.yarnpkg.com/tar/-/tar-4.4.8.tgz#b19eec3fde2a96e64666df9fdb40c5ca1bc3747d"
  integrity sha512-LzHF64s5chPQQS0IYBn9IN5h3i98c12bo4NCO7e0sGM2llXQ3p2FGC5sdENN4cTW48O915Sh+x+EXx7XW96xYQ==
  dependencies:
    chownr "^1.1.1"
    fs-minipass "^1.2.5"
    minipass "^2.3.4"
    minizlib "^1.1.1"
    mkdirp "^0.5.0"
    safe-buffer "^5.1.2"
    yallist "^3.0.2"

timm@^1.6.1:
  version "1.6.1"
  resolved "https://registry.yarnpkg.com/timm/-/timm-1.6.1.tgz#5f8aafc932248c76caf2c6af60542a32d3c30701"
  integrity sha512-hqDTYi/bWuDxL2i6T3v6nrvkAQ/1Bc060GSkVEQZp02zTSTB4CHSKsOkliequCftQaNRcjRqUZmpGWs5FfhrNg==

tinycolor2@^1.4.1:
  version "1.4.1"
  resolved "https://registry.yarnpkg.com/tinycolor2/-/tinycolor2-1.4.1.tgz#f4fad333447bc0b07d4dc8e9209d8f39a8ac77e8"
  integrity sha1-9PrTM0R7wLB9TcjpIJ2POaisd+g=

trim@0.0.1:
  version "0.0.1"
  resolved "https://registry.yarnpkg.com/trim/-/trim-0.0.1.tgz#5858547f6b290757ee95cccc666fb50084c460dd"
  integrity sha1-WFhUf2spB1fulczMZm+1AITEYN0=

utif@^2.0.1:
  version "2.0.1"
  resolved "https://registry.yarnpkg.com/utif/-/utif-2.0.1.tgz#9e1582d9bbd20011a6588548ed3266298e711759"
  integrity sha512-Z/S1fNKCicQTf375lIP9G8Sa1H/phcysstNrrSdZKj1f9g58J4NMgb5IgiEZN9/nLMPDwF0W7hdOe9Qq2IYoLg==
  dependencies:
    pako "^1.0.5"

wrappy@1:
  version "1.0.2"
  resolved "https://registry.yarnpkg.com/wrappy/-/wrappy-1.0.2.tgz#b5243d8f3ec1aa35f1364605bc0d1036e30ab69f"
  integrity sha1-tSQ9jz7BqjXxNkYFvA0QNuMKtp8=

xhr@^2.0.1:
  version "2.5.0"
  resolved "https://registry.yarnpkg.com/xhr/-/xhr-2.5.0.tgz#bed8d1676d5ca36108667692b74b316c496e49dd"
  integrity sha512-4nlO/14t3BNUZRXIXfXe+3N6w3s1KoxcJUUURctd64BLRe67E4gRwp4PjywtDY72fXpZ1y6Ch0VZQRY/gMPzzQ==
  dependencies:
    global "~4.3.0"
    is-function "^1.0.1"
    parse-headers "^2.0.0"
    xtend "^4.0.0"

xml-parse-from-string@^1.0.0:
  version "1.0.1"
  resolved "https://registry.yarnpkg.com/xml-parse-from-string/-/xml-parse-from-string-1.0.1.tgz#a9029e929d3dbcded169f3c6e28238d95a5d5a28"
  integrity sha1-qQKekp09vN7RafPG4oI42VpdWig=

xml2js@^0.4.5:
  version "0.4.19"
  resolved "https://registry.yarnpkg.com/xml2js/-/xml2js-0.4.19.tgz#686c20f213209e94abf0d1bcf1efaa291c7827a7"
  integrity sha512-esZnJZJOiJR9wWKMyuvSE1y6Dq5LCuJanqhxslH2bxM6duahNZ+HMpCLhBQGZkbX6xRf8x1Y2eJlgt2q3qo49Q==
  dependencies:
    sax ">=0.6.0"
    xmlbuilder "~9.0.1"

xmlbuilder@~9.0.1:
  version "9.0.7"
  resolved "https://registry.yarnpkg.com/xmlbuilder/-/xmlbuilder-9.0.7.tgz#132ee63d2ec5565c557e20f4c22df9aca686b10d"
  integrity sha1-Ey7mPS7FVlxVfiD0wi35rKaGsQ0=

xtend@^4.0.0:
  version "4.0.1"
  resolved "https://registry.yarnpkg.com/xtend/-/xtend-4.0.1.tgz#a5c6d532be656e23db820efb943a1f04998d63af"
  integrity sha1-pcbVMr5lbiPbgg77lDofBJmNY68=

yallist@^3.0.0, yallist@^3.0.2:
  version "3.0.2"
  resolved "https://registry.yarnpkg.com/yallist/-/yallist-3.0.2.tgz#8452b4bb7e83c7c188d8041c1a837c773d6d8bb9"
  integrity sha1-hFK0u36Dx8GI2AQcGoN8dz1ti7k=
